
Microsoft Visual Studio Solution File, Format Version 12.00
# Visual Studio 14
VisualStudioVersion = 14.0.25420.1
MinimumVisualStudioVersion = 10.0.40219.1
Project("{FAE04EC0-301F-11D3-BF4B-00C04F79EFBC}") = "Trifon'sQuest", "Trifon'sQuest\Trifon'sQuest.csproj", "{FD1A3685-4CA3-4284-840B-0705B1BBBA63}"
EndProject
Global
	GlobalSection(SolutionConfigurationPlatforms) = preSolution
		Debug|Any CPU = Debug|Any CPU
		Release|Any CPU = Release|Any CPU
	EndGlobalSection
	GlobalSection(ProjectConfigurationPlatforms) = postSolution
		{FD1A3685-4CA3-4284-840B-0705B1BBBA63}.Debug|Any CPU.ActiveCfg = Debug|Any CPU
		{FD1A3685-4CA3-4284-840B-0705B1BBBA63}.Debug|Any CPU.Build.0 = Debug|Any CPU
		{FD1A3685-4CA3-4284-840B-0705B1BBBA63}.Release|Any CPU.ActiveCfg = Release|Any CPU
		{FD1A3685-4CA3-4284-840B-0705B1BBBA63}.Release|Any CPU.Build.0 = Release|Any CPU
	EndGlobalSection
	GlobalSection(SolutionProperties) = preSolution
		HideSolutionNode = FALSE
	EndGlobalSection
EndGlobal
