
Microsoft Visual Studio Solution File, Format Version 12.00
# Visual Studio 14
VisualStudioVersion = 14.0.25420.1
MinimumVisualStudioVersion = 10.0.40219.1
Project("{FAE04EC0-301F-11D3-BF4B-00C04F79EFBC}") = "Rounding Numbers", "Rounding Numbers\Rounding Numbers.csproj", "{BF8F4EA7-E04A-4938-98DD-8C9367BACD95}"
EndProject
Global
	GlobalSection(SolutionConfigurationPlatforms) = preSolution
		Debug|Any CPU = Debug|Any CPU
		Release|Any CPU = Release|Any CPU
	EndGlobalSection
	GlobalSection(ProjectConfigurationPlatforms) = postSolution
		{BF8F4EA7-E04A-4938-98DD-8C9367BACD95}.Debug|Any CPU.ActiveCfg = Debug|Any CPU
		{BF8F4EA7-E04A-4938-98DD-8C9367BACD95}.Debug|Any CPU.Build.0 = Debug|Any CPU
		{BF8F4EA7-E04A-4938-98DD-8C9367BACD95}.Release|Any CPU.ActiveCfg = Release|Any CPU
		{BF8F4EA7-E04A-4938-98DD-8C9367BACD95}.Release|Any CPU.Build.0 = Release|Any CPU
	EndGlobalSection
	GlobalSection(SolutionProperties) = preSolution
		HideSolutionNode = FALSE
	EndGlobalSection
EndGlobal
