
Microsoft Visual Studio Solution File, Format Version 12.00
# Visual Studio 14
VisualStudioVersion = 14.0.25420.1
MinimumVisualStudioVersion = 10.0.40219.1
Project("{FAE04EC0-301F-11D3-BF4B-00C04F79EFBC}") = "Closest Two Points", "Closest Two Points\Closest Two Points.csproj", "{D2E69A15-E7D1-4643-836F-9BEC7CB4B75A}"
EndProject
Global
	GlobalSection(SolutionConfigurationPlatforms) = preSolution
		Debug|Any CPU = Debug|Any CPU
		Release|Any CPU = Release|Any CPU
	EndGlobalSection
	GlobalSection(ProjectConfigurationPlatforms) = postSolution
		{D2E69A15-E7D1-4643-836F-9BEC7CB4B75A}.Debug|Any CPU.ActiveCfg = Debug|Any CPU
		{D2E69A15-E7D1-4643-836F-9BEC7CB4B75A}.Debug|Any CPU.Build.0 = Debug|Any CPU
		{D2E69A15-E7D1-4643-836F-9BEC7CB4B75A}.Release|Any CPU.ActiveCfg = Release|Any CPU
		{D2E69A15-E7D1-4643-836F-9BEC7CB4B75A}.Release|Any CPU.Build.0 = Release|Any CPU
	EndGlobalSection
	GlobalSection(SolutionProperties) = preSolution
		HideSolutionNode = FALSE
	EndGlobalSection
EndGlobal
