
Microsoft Visual Studio Solution File, Format Version 12.00
# Visual Studio 14
VisualStudioVersion = 14.0.25420.1
MinimumVisualStudioVersion = 10.0.40219.1
Project("{FAE04EC0-301F-11D3-BF4B-00C04F79EFBC}") = "Triples of Letters", "Triples of Letters\Triples of Letters.csproj", "{C654016B-2046-4B2D-8606-DF190D503333}"
EndProject
Global
	GlobalSection(SolutionConfigurationPlatforms) = preSolution
		Debug|Any CPU = Debug|Any CPU
		Release|Any CPU = Release|Any CPU
	EndGlobalSection
	GlobalSection(ProjectConfigurationPlatforms) = postSolution
		{C654016B-2046-4B2D-8606-DF190D503333}.Debug|Any CPU.ActiveCfg = Debug|Any CPU
		{C654016B-2046-4B2D-8606-DF190D503333}.Debug|Any CPU.Build.0 = Debug|Any CPU
		{C654016B-2046-4B2D-8606-DF190D503333}.Release|Any CPU.ActiveCfg = Release|Any CPU
		{C654016B-2046-4B2D-8606-DF190D503333}.Release|Any CPU.Build.0 = Release|Any CPU
	EndGlobalSection
	GlobalSection(SolutionProperties) = preSolution
		HideSolutionNode = FALSE
	EndGlobalSection
EndGlobal
