
Microsoft Visual Studio Solution File, Format Version 12.00
# Visual Studio 14
VisualStudioVersion = 14.0.25420.1
MinimumVisualStudioVersion = 10.0.40219.1
Project("{FAE04EC0-301F-11D3-BF4B-00C04F79EFBC}") = "Print Part Of ASCII Table", "Print Part Of ASCII Table\Print Part Of ASCII Table.csproj", "{B113BF02-7DBF-48D2-9260-7C9801A11305}"
EndProject
Global
	GlobalSection(SolutionConfigurationPlatforms) = preSolution
		Debug|Any CPU = Debug|Any CPU
		Release|Any CPU = Release|Any CPU
	EndGlobalSection
	GlobalSection(ProjectConfigurationPlatforms) = postSolution
		{B113BF02-7DBF-48D2-9260-7C9801A11305}.Debug|Any CPU.ActiveCfg = Debug|Any CPU
		{B113BF02-7DBF-48D2-9260-7C9801A11305}.Debug|Any CPU.Build.0 = Debug|Any CPU
		{B113BF02-7DBF-48D2-9260-7C9801A11305}.Release|Any CPU.ActiveCfg = Release|Any CPU
		{B113BF02-7DBF-48D2-9260-7C9801A11305}.Release|Any CPU.Build.0 = Release|Any CPU
	EndGlobalSection
	GlobalSection(SolutionProperties) = preSolution
		HideSolutionNode = FALSE
	EndGlobalSection
EndGlobal
