
Microsoft Visual Studio Solution File, Format Version 12.00
# Visual Studio 15
VisualStudioVersion = 15.0.26430.13
MinimumVisualStudioVersion = 10.0.40219.1
Project("{FAE04EC0-301F-11D3-BF4B-00C04F79EFBC}") = "Champions League", "Champions League\Champions League.csproj", "{E67A076C-E62C-438D-90AE-EFD5FF9D94E5}"
EndProject
Global
	GlobalSection(SolutionConfigurationPlatforms) = preSolution
		Debug|Any CPU = Debug|Any CPU
		Release|Any CPU = Release|Any CPU
	EndGlobalSection
	GlobalSection(ProjectConfigurationPlatforms) = postSolution
		{E67A076C-E62C-438D-90AE-EFD5FF9D94E5}.Debug|Any CPU.ActiveCfg = Debug|Any CPU
		{E67A076C-E62C-438D-90AE-EFD5FF9D94E5}.Debug|Any CPU.Build.0 = Debug|Any CPU
		{E67A076C-E62C-438D-90AE-EFD5FF9D94E5}.Release|Any CPU.ActiveCfg = Release|Any CPU
		{E67A076C-E62C-438D-90AE-EFD5FF9D94E5}.Release|Any CPU.Build.0 = Release|Any CPU
	EndGlobalSection
	GlobalSection(SolutionProperties) = preSolution
		HideSolutionNode = FALSE
	EndGlobalSection
EndGlobal
