
Microsoft Visual Studio Solution File, Format Version 12.00
# Visual Studio 15
VisualStudioVersion = 15.0.26430.16
MinimumVisualStudioVersion = 10.0.40219.1
Project("{FAE04EC0-301F-11D3-BF4B-00C04F79EFBC}") = "Library", "Library\Library.csproj", "{353C028B-F72A-4638-99D2-458145B1A1C0}"
EndProject
Project("{FAE04EC0-301F-11D3-BF4B-00C04F79EFBC}") = "ListyIterator", "ListyIterator\ListyIterator.csproj", "{B9A52032-5539-4DFF-96FA-48AA92CFFB8E}"
EndProject
Project("{FAE04EC0-301F-11D3-BF4B-00C04F79EFBC}") = "Stack", "Stack\Stack.csproj", "{C9C673DF-018C-44BD-93F3-70A4AB121A22}"
EndProject
Project("{FAE04EC0-301F-11D3-BF4B-00C04F79EFBC}") = "Froggy", "Froggy\Froggy.csproj", "{9C0A8001-79DA-4352-98CC-2A5576C16128}"
EndProject
Project("{FAE04EC0-301F-11D3-BF4B-00C04F79EFBC}") = "Comparing Objects", "Comparing Objects\Comparing Objects.csproj", "{C3E118AA-4A25-484B-A661-56B403105034}"
EndProject
Project("{FAE04EC0-301F-11D3-BF4B-00C04F79EFBC}") = "Pet Clinic", "Pet Clinic\Pet Clinic.csproj", "{C6DFB042-C44B-43DA-B174-069899C0D6B2}"
EndProject
Global
	GlobalSection(SolutionConfigurationPlatforms) = preSolution
		Debug|Any CPU = Debug|Any CPU
		Release|Any CPU = Release|Any CPU
	EndGlobalSection
	GlobalSection(ProjectConfigurationPlatforms) = postSolution
		{353C028B-F72A-4638-99D2-458145B1A1C0}.Debug|Any CPU.ActiveCfg = Debug|Any CPU
		{353C028B-F72A-4638-99D2-458145B1A1C0}.Debug|Any CPU.Build.0 = Debug|Any CPU
		{353C028B-F72A-4638-99D2-458145B1A1C0}.Release|Any CPU.ActiveCfg = Release|Any CPU
		{353C028B-F72A-4638-99D2-458145B1A1C0}.Release|Any CPU.Build.0 = Release|Any CPU
		{B9A52032-5539-4DFF-96FA-48AA92CFFB8E}.Debug|Any CPU.ActiveCfg = Debug|Any CPU
		{B9A52032-5539-4DFF-96FA-48AA92CFFB8E}.Debug|Any CPU.Build.0 = Debug|Any CPU
		{B9A52032-5539-4DFF-96FA-48AA92CFFB8E}.Release|Any CPU.ActiveCfg = Release|Any CPU
		{B9A52032-5539-4DFF-96FA-48AA92CFFB8E}.Release|Any CPU.Build.0 = Release|Any CPU
		{C9C673DF-018C-44BD-93F3-70A4AB121A22}.Debug|Any CPU.ActiveCfg = Debug|Any CPU
		{C9C673DF-018C-44BD-93F3-70A4AB121A22}.Debug|Any CPU.Build.0 = Debug|Any CPU
		{C9C673DF-018C-44BD-93F3-70A4AB121A22}.Release|Any CPU.ActiveCfg = Release|Any CPU
		{C9C673DF-018C-44BD-93F3-70A4AB121A22}.Release|Any CPU.Build.0 = Release|Any CPU
		{9C0A8001-79DA-4352-98CC-2A5576C16128}.Debug|Any CPU.ActiveCfg = Debug|Any CPU
		{9C0A8001-79DA-4352-98CC-2A5576C16128}.Debug|Any CPU.Build.0 = Debug|Any CPU
		{9C0A8001-79DA-4352-98CC-2A5576C16128}.Release|Any CPU.ActiveCfg = Release|Any CPU
		{9C0A8001-79DA-4352-98CC-2A5576C16128}.Release|Any CPU.Build.0 = Release|Any CPU
		{C3E118AA-4A25-484B-A661-56B403105034}.Debug|Any CPU.ActiveCfg = Debug|Any CPU
		{C3E118AA-4A25-484B-A661-56B403105034}.Debug|Any CPU.Build.0 = Debug|Any CPU
		{C3E118AA-4A25-484B-A661-56B403105034}.Release|Any CPU.ActiveCfg = Release|Any CPU
		{C3E118AA-4A25-484B-A661-56B403105034}.Release|Any CPU.Build.0 = Release|Any CPU
		{C6DFB042-C44B-43DA-B174-069899C0D6B2}.Debug|Any CPU.ActiveCfg = Debug|Any CPU
		{C6DFB042-C44B-43DA-B174-069899C0D6B2}.Debug|Any CPU.Build.0 = Debug|Any CPU
		{C6DFB042-C44B-43DA-B174-069899C0D6B2}.Release|Any CPU.ActiveCfg = Release|Any CPU
		{C6DFB042-C44B-43DA-B174-069899C0D6B2}.Release|Any CPU.Build.0 = Release|Any CPU
	EndGlobalSection
	GlobalSection(SolutionProperties) = preSolution
		HideSolutionNode = FALSE
	EndGlobalSection
EndGlobal
