
Microsoft Visual Studio Solution File, Format Version 12.00
# Visual Studio 15
VisualStudioVersion = 15.0.26430.13
MinimumVisualStudioVersion = 10.0.40219.1
Project("{FAE04EC0-301F-11D3-BF4B-00C04F79EFBC}") = "Filter Students by Email Domain", "Filter Students by Email Domain\Filter Students by Email Domain.csproj", "{DEAA91CB-0205-4D0C-AE93-D5681DF8D0CA}"
EndProject
Global
	GlobalSection(SolutionConfigurationPlatforms) = preSolution
		Debug|Any CPU = Debug|Any CPU
		Release|Any CPU = Release|Any CPU
	EndGlobalSection
	GlobalSection(ProjectConfigurationPlatforms) = postSolution
		{DEAA91CB-0205-4D0C-AE93-D5681DF8D0CA}.Debug|Any CPU.ActiveCfg = Debug|Any CPU
		{DEAA91CB-0205-4D0C-AE93-D5681DF8D0CA}.Debug|Any CPU.Build.0 = Debug|Any CPU
		{DEAA91CB-0205-4D0C-AE93-D5681DF8D0CA}.Release|Any CPU.ActiveCfg = Release|Any CPU
		{DEAA91CB-0205-4D0C-AE93-D5681DF8D0CA}.Release|Any CPU.Build.0 = Release|Any CPU
	EndGlobalSection
	GlobalSection(SolutionProperties) = preSolution
		HideSolutionNode = FALSE
	EndGlobalSection
EndGlobal
