
Microsoft Visual Studio Solution File, Format Version 12.00
# Visual Studio 14
VisualStudioVersion = 14.0.25420.1
MinimumVisualStudioVersion = 10.0.40219.1
Project("{FAE04EC0-301F-11D3-BF4B-00C04F79EFBC}") = "Sequence of Commands", "Sequence of Commands\Sequence of Commands.csproj", "{DCF536B1-4677-429E-80EA-36FC945D8A2D}"
EndProject
Global
	GlobalSection(SolutionConfigurationPlatforms) = preSolution
		Debug|Any CPU = Debug|Any CPU
		Release|Any CPU = Release|Any CPU
	EndGlobalSection
	GlobalSection(ProjectConfigurationPlatforms) = postSolution
		{DCF536B1-4677-429E-80EA-36FC945D8A2D}.Debug|Any CPU.ActiveCfg = Debug|Any CPU
		{DCF536B1-4677-429E-80EA-36FC945D8A2D}.Debug|Any CPU.Build.0 = Debug|Any CPU
		{DCF536B1-4677-429E-80EA-36FC945D8A2D}.Release|Any CPU.ActiveCfg = Release|Any CPU
		{DCF536B1-4677-429E-80EA-36FC945D8A2D}.Release|Any CPU.Build.0 = Release|Any CPU
	EndGlobalSection
	GlobalSection(SolutionProperties) = preSolution
		HideSolutionNode = FALSE
	EndGlobalSection
EndGlobal
