
Microsoft Visual Studio Solution File, Format Version 12.00
# Visual Studio 15
VisualStudioVersion = 15.0.26403.7
MinimumVisualStudioVersion = 10.0.40219.1
Project("{FAE04EC0-301F-11D3-BF4B-00C04F79EFBC}") = "Convert from base-N to base-10", "Convert from base-N to base-10\Convert from base-N to base-10.csproj", "{AB688418-9B83-44B1-86FC-0EA6D04F569D}"
EndProject
Global
	GlobalSection(SolutionConfigurationPlatforms) = preSolution
		Debug|Any CPU = Debug|Any CPU
		Release|Any CPU = Release|Any CPU
	EndGlobalSection
	GlobalSection(ProjectConfigurationPlatforms) = postSolution
		{AB688418-9B83-44B1-86FC-0EA6D04F569D}.Debug|Any CPU.ActiveCfg = Debug|Any CPU
		{AB688418-9B83-44B1-86FC-0EA6D04F569D}.Debug|Any CPU.Build.0 = Debug|Any CPU
		{AB688418-9B83-44B1-86FC-0EA6D04F569D}.Release|Any CPU.ActiveCfg = Release|Any CPU
		{AB688418-9B83-44B1-86FC-0EA6D04F569D}.Release|Any CPU.Build.0 = Release|Any CPU
	EndGlobalSection
	GlobalSection(SolutionProperties) = preSolution
		HideSolutionNode = FALSE
	EndGlobalSection
EndGlobal
