
Microsoft Visual Studio Solution File, Format Version 12.00
# Visual Studio 14
VisualStudioVersion = 14.0.25420.1
MinimumVisualStudioVersion = 10.0.40219.1
Project("{FAE04EC0-301F-11D3-BF4B-00C04F79EFBC}") = "Calculate Triangle Area", "Calculate Triangle Area\Calculate Triangle Area.csproj", "{BB39C155-BA63-4ED7-824C-4DD48C23DD1B}"
EndProject
Global
	GlobalSection(SolutionConfigurationPlatforms) = preSolution
		Debug|Any CPU = Debug|Any CPU
		Release|Any CPU = Release|Any CPU
	EndGlobalSection
	GlobalSection(ProjectConfigurationPlatforms) = postSolution
		{BB39C155-BA63-4ED7-824C-4DD48C23DD1B}.Debug|Any CPU.ActiveCfg = Debug|Any CPU
		{BB39C155-BA63-4ED7-824C-4DD48C23DD1B}.Debug|Any CPU.Build.0 = Debug|Any CPU
		{BB39C155-BA63-4ED7-824C-4DD48C23DD1B}.Release|Any CPU.ActiveCfg = Release|Any CPU
		{BB39C155-BA63-4ED7-824C-4DD48C23DD1B}.Release|Any CPU.Build.0 = Release|Any CPU
	EndGlobalSection
	GlobalSection(SolutionProperties) = preSolution
		HideSolutionNode = FALSE
	EndGlobalSection
EndGlobal
