
Microsoft Visual Studio Solution File, Format Version 12.00
# Visual Studio 14
VisualStudioVersion = 14.0.25420.1
MinimumVisualStudioVersion = 10.0.40219.1
Project("{FAE04EC0-301F-11D3-BF4B-00C04F79EFBC}") = "Count Numbers", "Count Numbers\Count Numbers.csproj", "{B3AF7AE7-2B7B-4CBE-8E7A-C66F872D133C}"
EndProject
Global
	GlobalSection(SolutionConfigurationPlatforms) = preSolution
		Debug|Any CPU = Debug|Any CPU
		Release|Any CPU = Release|Any CPU
	EndGlobalSection
	GlobalSection(ProjectConfigurationPlatforms) = postSolution
		{B3AF7AE7-2B7B-4CBE-8E7A-C66F872D133C}.Debug|Any CPU.ActiveCfg = Debug|Any CPU
		{B3AF7AE7-2B7B-4CBE-8E7A-C66F872D133C}.Debug|Any CPU.Build.0 = Debug|Any CPU
		{B3AF7AE7-2B7B-4CBE-8E7A-C66F872D133C}.Release|Any CPU.ActiveCfg = Release|Any CPU
		{B3AF7AE7-2B7B-4CBE-8E7A-C66F872D133C}.Release|Any CPU.Build.0 = Release|Any CPU
	EndGlobalSection
	GlobalSection(SolutionProperties) = preSolution
		HideSolutionNode = FALSE
	EndGlobalSection
EndGlobal
