
Microsoft Visual Studio Solution File, Format Version 12.00
# Visual Studio 15
VisualStudioVersion = 15.0.26430.16
MinimumVisualStudioVersion = 10.0.40219.1
Project("{FAE04EC0-301F-11D3-BF4B-00C04F79EFBC}") = "Pizza Calories", "Pizza Calories\Pizza Calories.csproj", "{3A580A0B-1493-4E9A-9EA4-4F628ECBF488}"
EndProject
Project("{FAE04EC0-301F-11D3-BF4B-00C04F79EFBC}") = "Shopping Spree", "Shopping Spree\Shopping Spree.csproj", "{2A13AAC5-1AE7-42B5-A521-544A932A2CEA}"
EndProject
Global
	GlobalSection(SolutionConfigurationPlatforms) = preSolution
		Debug|Any CPU = Debug|Any CPU
		Release|Any CPU = Release|Any CPU
	EndGlobalSection
	GlobalSection(ProjectConfigurationPlatforms) = postSolution
		{3A580A0B-1493-4E9A-9EA4-4F628ECBF488}.Debug|Any CPU.ActiveCfg = Debug|Any CPU
		{3A580A0B-1493-4E9A-9EA4-4F628ECBF488}.Debug|Any CPU.Build.0 = Debug|Any CPU
		{3A580A0B-1493-4E9A-9EA4-4F628ECBF488}.Release|Any CPU.ActiveCfg = Release|Any CPU
		{3A580A0B-1493-4E9A-9EA4-4F628ECBF488}.Release|Any CPU.Build.0 = Release|Any CPU
		{2A13AAC5-1AE7-42B5-A521-544A932A2CEA}.Debug|Any CPU.ActiveCfg = Debug|Any CPU
		{2A13AAC5-1AE7-42B5-A521-544A932A2CEA}.Debug|Any CPU.Build.0 = Debug|Any CPU
		{2A13AAC5-1AE7-42B5-A521-544A932A2CEA}.Release|Any CPU.ActiveCfg = Release|Any CPU
		{2A13AAC5-1AE7-42B5-A521-544A932A2CEA}.Release|Any CPU.Build.0 = Release|Any CPU
	EndGlobalSection
	GlobalSection(SolutionProperties) = preSolution
		HideSolutionNode = FALSE
	EndGlobalSection
EndGlobal
